
Microsoft Visual Studio Solution File, Format Version 12.00
# Visual Studio 15
VisualStudioVersion = 15.0.28307.421
MinimumVisualStudioVersion = 10.0.40219.1
Project("{FAE04EC0-301F-11D3-BF4B-00C04F79EFBC}") = "ShoppingCart", "ShoppingCart\ShoppingCart.csproj", "{ED76B5EB-C444-4D87-82C4-5445B438ADAC}"
EndProject
Global
	GlobalSection(SolutionConfigurationPlatforms) = preSolution
		Debug|Any CPU = Debug|Any CPU
		Release|Any CPU = Release|Any CPU
	EndGlobalSection
	GlobalSection(ProjectConfigurationPlatforms) = postSolution
		{ED76B5EB-C444-4D87-82C4-5445B438ADAC}.Debug|Any CPU.ActiveCfg = Debug|Any CPU
		{ED76B5EB-C444-4D87-82C4-5445B438ADAC}.Debug|Any CPU.Build.0 = Debug|Any CPU
		{ED76B5EB-C444-4D87-82C4-5445B438ADAC}.Release|Any CPU.ActiveCfg = Release|Any CPU
		{ED76B5EB-C444-4D87-82C4-5445B438ADAC}.Release|Any CPU.Build.0 = Release|Any CPU
	EndGlobalSection
	GlobalSection(SolutionProperties) = preSolution
		HideSolutionNode = FALSE
	EndGlobalSection
	GlobalSection(ExtensibilityGlobals) = postSolution
		SolutionGuid = {757CB797-78F3-43FA-9BF7-35A56FE65B7A}
	EndGlobalSection
EndGlobal
